uuid: 7a033d43-9d79-464e-bfa4-054bc9fb3fb6
langcode: en
status: true
dependencies:
  module:
    - current_user
    - user
  theme:
    - bartik
id: helloblock
theme: bartik
region: sidebar_first
weight: -5
provider: null
plugin: hello_block
settings:
  id: hello_block
  label: 'Current User'
  provider: current_user
  label_display: visible
visibility:
  user_role:
    id: user_role
    roles:
      anonymous: anonymous
      authenticated: authenticated
      editor: editor
    negate: false
    context_mapping:
      user: '@user.current_user_context:current_user'
